
Microsoft Visual Studio Solution File, Format Version 12.00
# Visual Studio Version 17
VisualStudioVersion = 17.0.32112.339
MinimumVisualStudioVersion = 10.0.40219.1
Project("{FAE04EC0-301F-11D3-BF4B-00C04F79EFBC}") = "ukol3_retezce", "ukol3_retezce\ukol3_retezce.csproj", "{4B891FD3-5E5B-45B1-A9A4-E8F238888D84}"
EndProject
Global
	GlobalSection(SolutionConfigurationPlatforms) = preSolution
		Debug|Any CPU = Debug|Any CPU
		Release|Any CPU = Release|Any CPU
	EndGlobalSection
	GlobalSection(ProjectConfigurationPlatforms) = postSolution
		{4B891FD3-5E5B-45B1-A9A4-E8F238888D84}.Debug|Any CPU.ActiveCfg = Debug|Any CPU
		{4B891FD3-5E5B-45B1-A9A4-E8F238888D84}.Debug|Any CPU.Build.0 = Debug|Any CPU
		{4B891FD3-5E5B-45B1-A9A4-E8F238888D84}.Release|Any CPU.ActiveCfg = Release|Any CPU
		{4B891FD3-5E5B-45B1-A9A4-E8F238888D84}.Release|Any CPU.Build.0 = Release|Any CPU
	EndGlobalSection
	GlobalSection(SolutionProperties) = preSolution
		HideSolutionNode = FALSE
	EndGlobalSection
	GlobalSection(ExtensibilityGlobals) = postSolution
		SolutionGuid = {80D15642-28AD-40BB-9453-5B47A6616744}
	EndGlobalSection
EndGlobal
